<?xml version="1.0" encoding="UTF-8" standalone="yes" ?>
<CodeBlocks_project_file>
	<FileVersion major="1" minor="6" />
	<Project>
		<Option title="TrabalhoED2Parte2" />
		<Option pch_mode="2" />
		<Option compiler="gcc" />
		<Build>
			<Target title="Debug">
				<Option output="bin/Debug/TrabalhoED2Parte2" prefix_auto="1" extension_auto="1" />
				<Option object_output="obj/Debug/" />
				<Option type="1" />
				<Option compiler="gcc" />
				<Compiler>
					<Add option="-g" />
				</Compiler>
			</Target>
			<Target title="Release">
				<Option output="bin/Release/TrabalhoED2Parte2" prefix_auto="1" extension_auto="1" />
				<Option object_output="obj/Release/" />
				<Option type="1" />
				<Option compiler="gcc" />
				<Compiler>
					<Add option="-O2" />
				</Compiler>
				<Linker>
					<Add option="-s" />
				</Linker>
			</Target>
		</Build>
		<Compiler>
			<Add option="-Wall" />
			<Add option="-fexceptions" />
		</Compiler>
		<Unit filename="AVL.cpp" />
		<Unit filename="AVL.h" />
		<Unit filename="ArvVerPre.cpp" />
		<Unit filename="ArvVerPre.h" />
		<Unit filename="Data.cpp" />
		<Unit filename="Data.h" />
		<Unit filename="FrequenciaTag.h" />
		<Unit filename="FuncoesAuxiliares.cpp" />
		<Unit filename="FuncoesAuxiliares.h" />
		<Unit filename="HashAnswer.cpp" />
		<Unit filename="HashAnswer.h" />
		<Unit filename="HashBuscaAnswer.cpp" />
		<Unit filename="HashBuscaAnswer.h" />
		<Unit filename="HashInt.cpp" />
		<Unit filename="HashInt.h" />
		<Unit filename="MinhaArvore.cpp" />
		<Unit filename="MinhaArvore.h" />
		<Unit filename="NoAVL.h" />
		<Unit filename="NoCor.h" />
		<Unit filename="Testes.cpp" />
		<Unit filename="Testes.h" />
		<Unit filename="answer.cpp" />
		<Unit filename="answer.h" />
		<Unit filename="arvoreSplay.cpp" />
		<Unit filename="arvoreSplay.h" />
		<Unit filename="main.cpp" />
		<Unit filename="noSplay.h" />
		<Unit filename="quickSort1.h" />
		<Unit filename="quicksort1.cpp" />
		<Extensions>
			<code_completion />
			<envvars />
			<debugger />
			<lib_finder disable_auto="1" />
		</Extensions>
	</Project>
</CodeBlocks_project_file>
